
Microsoft Visual Studio Solution File, Format Version 12.00
# Visual Studio Version 16
VisualStudioVersion = 16.0.31702.278
MinimumVisualStudioVersion = 10.0.40219.1
Project("{FAE04EC0-301F-11D3-BF4B-00C04F79EFBC}") = "TSEngine", "TSEngine.csproj", "{75F4A53E-E16A-428E-A83D-B6B91799E02D}"
EndProject
Global
	GlobalSection(SolutionConfigurationPlatforms) = preSolution
		Debug|Any CPU = Debug|Any CPU
		Release|Any CPU = Release|Any CPU
	EndGlobalSection
	GlobalSection(ProjectConfigurationPlatforms) = postSolution
		{75F4A53E-E16A-428E-A83D-B6B91799E02D}.Debug|Any CPU.ActiveCfg = Debug|Any CPU
		{75F4A53E-E16A-428E-A83D-B6B91799E02D}.Debug|Any CPU.Build.0 = Debug|Any CPU
		{75F4A53E-E16A-428E-A83D-B6B91799E02D}.Release|Any CPU.ActiveCfg = Release|Any CPU
		{75F4A53E-E16A-428E-A83D-B6B91799E02D}.Release|Any CPU.Build.0 = Release|Any CPU
	EndGlobalSection
	GlobalSection(SolutionProperties) = preSolution
		HideSolutionNode = FALSE
	EndGlobalSection
	GlobalSection(ExtensibilityGlobals) = postSolution
		SolutionGuid = {80091713-1B33-485C-B1AD-E65D1F50FB6D}
	EndGlobalSection
EndGlobal
